
Microsoft Visual Studio Solution File, Format Version 12.00
# Visual Studio Version 16
VisualStudioVersion = 16.0.35325.158
MinimumVisualStudioVersion = 10.0.40219.1
Project("{FAE04EC0-301F-11D3-BF4B-00C04F79EFBC}") = "2layer", "2layer\2layer.csproj", "{CD23814B-15B8-4F9E-872C-E99E7BC3990A}"
EndProject
Global
	GlobalSection(SolutionConfigurationPlatforms) = preSolution
		Debug|Any CPU = Debug|Any CPU
		Release|Any CPU = Release|Any CPU
	EndGlobalSection
	GlobalSection(ProjectConfigurationPlatforms) = postSolution
		{CD23814B-15B8-4F9E-872C-E99E7BC3990A}.Debug|Any CPU.ActiveCfg = Debug|Any CPU
		{CD23814B-15B8-4F9E-872C-E99E7BC3990A}.Debug|Any CPU.Build.0 = Debug|Any CPU
		{CD23814B-15B8-4F9E-872C-E99E7BC3990A}.Release|Any CPU.ActiveCfg = Release|Any CPU
		{CD23814B-15B8-4F9E-872C-E99E7BC3990A}.Release|Any CPU.Build.0 = Release|Any CPU
	EndGlobalSection
	GlobalSection(SolutionProperties) = preSolution
		HideSolutionNode = FALSE
	EndGlobalSection
	GlobalSection(ExtensibilityGlobals) = postSolution
		SolutionGuid = {53892898-06FA-4144-B25A-6581D3F8CC14}
	EndGlobalSection
EndGlobal
